
Microsoft Visual Studio Solution File, Format Version 12.00
# Visual Studio Version 16
VisualStudioVersion = 16.0.29509.3
MinimumVisualStudioVersion = 10.0.40219.1
Project("{FAE04EC0-301F-11D3-BF4B-00C04F79EFBC}") = "n2", "n2.csproj", "{BA856B3E-9728-4B03-9F1D-B20ABF0A6218}"
EndProject
Global
	GlobalSection(SolutionConfigurationPlatforms) = preSolution
		Debug|Any CPU = Debug|Any CPU
		Release|Any CPU = Release|Any CPU
	EndGlobalSection
	GlobalSection(ProjectConfigurationPlatforms) = postSolution
		{BA856B3E-9728-4B03-9F1D-B20ABF0A6218}.Debug|Any CPU.ActiveCfg = Debug|Any CPU
		{BA856B3E-9728-4B03-9F1D-B20ABF0A6218}.Debug|Any CPU.Build.0 = Debug|Any CPU
		{BA856B3E-9728-4B03-9F1D-B20ABF0A6218}.Release|Any CPU.ActiveCfg = Release|Any CPU
		{BA856B3E-9728-4B03-9F1D-B20ABF0A6218}.Release|Any CPU.Build.0 = Release|Any CPU
	EndGlobalSection
	GlobalSection(SolutionProperties) = preSolution
		HideSolutionNode = FALSE
	EndGlobalSection
	GlobalSection(ExtensibilityGlobals) = postSolution
		SolutionGuid = {8AAC67EF-8020-48F6-A076-B2593824E449}
	EndGlobalSection
EndGlobal
